
Microsoft Visual Studio Solution File, Format Version 12.00
# Visual Studio Version 16
VisualStudioVersion = 16.0.30517.126
MinimumVisualStudioVersion = 10.0.40219.1
Project("{FAE04EC0-301F-11D3-BF4B-00C04F79EFBC}") = "Wheeler_Matthew_Semester_Project", "Wheeler_Matthew_Semester_Project.csproj", "{F669CD45-80E7-4E68-A359-CAF300C1ED25}"
EndProject
Global
	GlobalSection(SolutionConfigurationPlatforms) = preSolution
		Debug|Any CPU = Debug|Any CPU
		Release|Any CPU = Release|Any CPU
	EndGlobalSection
	GlobalSection(ProjectConfigurationPlatforms) = postSolution
		{F669CD45-80E7-4E68-A359-CAF300C1ED25}.Debug|Any CPU.ActiveCfg = Debug|Any CPU
		{F669CD45-80E7-4E68-A359-CAF300C1ED25}.Debug|Any CPU.Build.0 = Debug|Any CPU
		{F669CD45-80E7-4E68-A359-CAF300C1ED25}.Release|Any CPU.ActiveCfg = Release|Any CPU
		{F669CD45-80E7-4E68-A359-CAF300C1ED25}.Release|Any CPU.Build.0 = Release|Any CPU
	EndGlobalSection
	GlobalSection(SolutionProperties) = preSolution
		HideSolutionNode = FALSE
	EndGlobalSection
	GlobalSection(ExtensibilityGlobals) = postSolution
		SolutionGuid = {89D96A02-10FB-40EB-80C4-7F813F0350CB}
	EndGlobalSection
EndGlobal
